
Microsoft Visual Studio Solution File, Format Version 12.00
# Visual Studio Version 17
VisualStudioVersion = 17.4.33122.133
MinimumVisualStudioVersion = 10.0.40219.1
Project("{2150E333-8FDC-42A3-9474-1A3956D46DE8}") = "0 - Tests", "0 - Tests", "{9EBE3432-E968-40E2-A5BD-434D06BE3C3B}"
EndProject
Project("{2150E333-8FDC-42A3-9474-1A3956D46DE8}") = "1 - Web", "1 - Web", "{2919F370-04E6-4505-88F7-3728BBD636DD}"
EndProject
Project("{2150E333-8FDC-42A3-9474-1A3956D46DE8}") = "2 - Application", "2 - Application", "{2B9A157F-0B9A-42B8-9874-84F9DDE676C0}"
EndProject
Project("{2150E333-8FDC-42A3-9474-1A3956D46DE8}") = "3 - Domain", "3 - Domain", "{E25C0909-B861-44D7-980E-FAA811A4A458}"
EndProject
Project("{2150E333-8FDC-42A3-9474-1A3956D46DE8}") = "4 - Infra", "4 - Infra", "{78B61065-62C5-44CB-B6F5-0362A267AE7F}"
EndProject
Project("{2150E333-8FDC-42A3-9474-1A3956D46DE8}") = "4.1 - Data", "4.1 - Data", "{A257C5BB-3531-441B-8032-4C8B91B05AD1}"
EndProject
Project("{2150E333-8FDC-42A3-9474-1A3956D46DE8}") = "4.2 - CrossCutting", "4.2 - CrossCutting", "{A829DFE1-E9AE-4B95-90F0-835DD47B6EE1}"
EndProject
Project("{9A19103F-16F7-4668-BE54-9A1E7A4F7556}") = "GoStore.Domain", "src\GoStore.Domain\GoStore.Domain.csproj", "{E7A844D4-0AC6-4C6F-B4DE-1116FE57190B}"
EndProject
Project("{9A19103F-16F7-4668-BE54-9A1E7A4F7556}") = "GoStore.Domain.Core", "src\GoStore.Domain.Core\GoStore.Domain.Core.csproj", "{67728C36-E11B-4BAB-B843-7DC3828FB56D}"
EndProject
Project("{FAE04EC0-301F-11D3-BF4B-00C04F79EFBC}") = "GoStore.Tests", "src\GoStore.Tests\GoStore.Tests.csproj", "{B5DD7D70-D98B-4A53-B8B0-53A09EC701EC}"
EndProject
Global
	GlobalSection(SolutionConfigurationPlatforms) = preSolution
		Debug|Any CPU = Debug|Any CPU
		Release|Any CPU = Release|Any CPU
	EndGlobalSection
	GlobalSection(ProjectConfigurationPlatforms) = postSolution
		{E7A844D4-0AC6-4C6F-B4DE-1116FE57190B}.Debug|Any CPU.ActiveCfg = Debug|Any CPU
		{E7A844D4-0AC6-4C6F-B4DE-1116FE57190B}.Debug|Any CPU.Build.0 = Debug|Any CPU
		{E7A844D4-0AC6-4C6F-B4DE-1116FE57190B}.Release|Any CPU.ActiveCfg = Release|Any CPU
		{E7A844D4-0AC6-4C6F-B4DE-1116FE57190B}.Release|Any CPU.Build.0 = Release|Any CPU
		{67728C36-E11B-4BAB-B843-7DC3828FB56D}.Debug|Any CPU.ActiveCfg = Debug|Any CPU
		{67728C36-E11B-4BAB-B843-7DC3828FB56D}.Debug|Any CPU.Build.0 = Debug|Any CPU
		{67728C36-E11B-4BAB-B843-7DC3828FB56D}.Release|Any CPU.ActiveCfg = Release|Any CPU
		{67728C36-E11B-4BAB-B843-7DC3828FB56D}.Release|Any CPU.Build.0 = Release|Any CPU
		{B5DD7D70-D98B-4A53-B8B0-53A09EC701EC}.Debug|Any CPU.ActiveCfg = Debug|Any CPU
		{B5DD7D70-D98B-4A53-B8B0-53A09EC701EC}.Debug|Any CPU.Build.0 = Debug|Any CPU
		{B5DD7D70-D98B-4A53-B8B0-53A09EC701EC}.Release|Any CPU.ActiveCfg = Release|Any CPU
		{B5DD7D70-D98B-4A53-B8B0-53A09EC701EC}.Release|Any CPU.Build.0 = Release|Any CPU
	EndGlobalSection
	GlobalSection(SolutionProperties) = preSolution
		HideSolutionNode = FALSE
	EndGlobalSection
	GlobalSection(NestedProjects) = preSolution
		{A257C5BB-3531-441B-8032-4C8B91B05AD1} = {78B61065-62C5-44CB-B6F5-0362A267AE7F}
		{A829DFE1-E9AE-4B95-90F0-835DD47B6EE1} = {78B61065-62C5-44CB-B6F5-0362A267AE7F}
		{E7A844D4-0AC6-4C6F-B4DE-1116FE57190B} = {E25C0909-B861-44D7-980E-FAA811A4A458}
		{67728C36-E11B-4BAB-B843-7DC3828FB56D} = {E25C0909-B861-44D7-980E-FAA811A4A458}
		{B5DD7D70-D98B-4A53-B8B0-53A09EC701EC} = {9EBE3432-E968-40E2-A5BD-434D06BE3C3B}
	EndGlobalSection
	GlobalSection(ExtensibilityGlobals) = postSolution
		SolutionGuid = {28BA1DBF-1099-4F1B-A193-26F544275C7F}
	EndGlobalSection
EndGlobal
